
Microsoft Visual Studio Solution File, Format Version 9.00
# Visual Studio 2005
Project("{8BC9CEB8-8B4A-11D0-8D11-00A0C91BC942}") = "PegGame1", "PegGame1\PegGame1.vcproj", "{82CEB990-E43C-4816-8921-7541FEDCCCFA}"
EndProject
Global
	GlobalSection(SolutionConfigurationPlatforms) = preSolution
		Debug|Win32 = Debug|Win32
		Release|Win32 = Release|Win32
	EndGlobalSection
	GlobalSection(ProjectConfigurationPlatforms) = postSolution
		{82CEB990-E43C-4816-8921-7541FEDCCCFA}.Debug|Win32.ActiveCfg = Debug|Win32
		{82CEB990-E43C-4816-8921-7541FEDCCCFA}.Debug|Win32.Build.0 = Debug|Win32
		{82CEB990-E43C-4816-8921-7541FEDCCCFA}.Release|Win32.ActiveCfg = Release|Win32
		{82CEB990-E43C-4816-8921-7541FEDCCCFA}.Release|Win32.Build.0 = Release|Win32
	EndGlobalSection
	GlobalSection(SolutionProperties) = preSolution
		HideSolutionNode = FALSE
	EndGlobalSection
EndGlobal
